
Microsoft Visual Studio Solution File, Format Version 12.00
# Visual Studio Version 17
VisualStudioVersion = 17.7.34031.279
MinimumVisualStudioVersion = 10.0.40219.1
Project("{2150E333-8FDC-42A3-9474-1A3956D46DE8}") = "Task0", "Task0", "{2AEF731B-5491-441F-8947-B207BCE5CFB5}"
EndProject
Project("{FAE04EC0-301F-11D3-BF4B-00C04F79EFBC}") = "Tyuiu.PomazDS.Sprint5.Task0.V3", "Tyuiu.PomazDS.Sprint5.Task0.V3\Tyuiu.PomazDS.Sprint5.Task0.V3.csproj", "{119E7290-4E9D-4165-94C7-BEDC5F5F5329}"
EndProject
Project("{FAE04EC0-301F-11D3-BF4B-00C04F79EFBC}") = "Tyuiu.PomazDS.Sprint5.Task0.V3.Lib", "Tyuiu.PomazDS.Sprint5.Task0.V3.Lib\Tyuiu.PomazDS.Sprint5.Task0.V3.Lib.csproj", "{89C5D6BE-07A0-468B-990A-5DA47FF358EB}"
EndProject
Project("{FAE04EC0-301F-11D3-BF4B-00C04F79EFBC}") = "Tyuiu.PomazDS.Sprint5.Task0.V3.Test", "Tyuiu.PomazDS.Sprint5.Task0.V3.Test\Tyuiu.PomazDS.Sprint5.Task0.V3.Test.csproj", "{4E691D86-C6E5-476A-B986-C25B475CA216}"
EndProject
Project("{2150E333-8FDC-42A3-9474-1A3956D46DE8}") = "Task1", "Task1", "{14635779-07D5-40B3-89A1-30CC05BA8DFB}"
EndProject
Project("{FAE04EC0-301F-11D3-BF4B-00C04F79EFBC}") = "Tyuiu.PomazDS.Sprint5.Task1.V17", "Tyuiu.PomazDS.Sprint5.Task1.V17\Tyuiu.PomazDS.Sprint5.Task1.V17.csproj", "{A1B76676-DA9C-4F47-B880-8425D86201ED}"
EndProject
Project("{FAE04EC0-301F-11D3-BF4B-00C04F79EFBC}") = "Tyuiu.PomazDS.Sprint5.Task1.V17.Lib", "Tyuiu.PomazDS.Sprint5.Task1.V17.Lib\Tyuiu.PomazDS.Sprint5.Task1.V17.Lib.csproj", "{B4BF5A8C-855E-428A-BD00-9089BEC35543}"
EndProject
Project("{FAE04EC0-301F-11D3-BF4B-00C04F79EFBC}") = "Tyuiu.PomazDS.Sprint5.Task1.V17.Test", "Tyuiu.PomazDS.Sprint5.Task1.V17.Test\Tyuiu.PomazDS.Sprint5.Task1.V17.Test.csproj", "{FF5BF8E3-BD62-493B-BF13-6112350D5917}"
EndProject
Project("{2150E333-8FDC-42A3-9474-1A3956D46DE8}") = "Task2", "Task2", "{D339232A-90B8-4B20-892A-D96AD8BAECA2}"
EndProject
Project("{FAE04EC0-301F-11D3-BF4B-00C04F79EFBC}") = "Tyuiu.PomazDS.Sprint5.Task2.V18", "Tyuiu.PomazDS.Sprint5.Task2.V18\Tyuiu.PomazDS.Sprint5.Task2.V18.csproj", "{8DF84499-5DD8-4876-B22B-7129627D9078}"
EndProject
Project("{FAE04EC0-301F-11D3-BF4B-00C04F79EFBC}") = "Tyuiu.PomazDS.Sprint5.Task2.V18.Lib", "Tyuiu.PomazDS.Sprint5.Task2.V18.Lib\Tyuiu.PomazDS.Sprint5.Task2.V18.Lib.csproj", "{60883E66-730F-44CF-9A5F-C1D1B3E38E3B}"
EndProject
Project("{FAE04EC0-301F-11D3-BF4B-00C04F79EFBC}") = "Tyuiu.PomazDS.Sprint5.Task2.V18.Test", "Tyuiu.PomazDS.Sprint5.Task2.V18.Test\Tyuiu.PomazDS.Sprint5.Task2.V18.Test.csproj", "{EC901580-4BA1-41BF-8EE1-2FF8374E0C6F}"
EndProject
Project("{2150E333-8FDC-42A3-9474-1A3956D46DE8}") = "Task3", "Task3", "{322EC58D-8CA9-4BDE-9112-485374D08E1D}"
EndProject
Project("{FAE04EC0-301F-11D3-BF4B-00C04F79EFBC}") = "Tyuiu.PomazDS.Sprint5.Task3.V21", "Tyuiu.PomazDS.Sprint5.Task3.V21\Tyuiu.PomazDS.Sprint5.Task3.V21.csproj", "{2B75A306-9C1B-4322-A96E-56D08EBEB4D1}"
EndProject
Project("{FAE04EC0-301F-11D3-BF4B-00C04F79EFBC}") = "Tyuiu.PomazDS.Sprint5.Task3.V21.Lib", "Tyuiu.PomazDS.Sprint5.Task3.V21.Lib\Tyuiu.PomazDS.Sprint5.Task3.V21.Lib.csproj", "{2AD59851-6748-4DCF-9415-C5E9F2A95121}"
EndProject
Project("{FAE04EC0-301F-11D3-BF4B-00C04F79EFBC}") = "Tyuiu.PomazDS.Sprint5.Task3.V21.Test", "Tyuiu.PomazDS.Sprint5.Task3.V21.Test\Tyuiu.PomazDS.Sprint5.Task3.V21.Test.csproj", "{64F31DC3-DBE5-4910-BD3C-478C8EFC8470}"
EndProject
Project("{2150E333-8FDC-42A3-9474-1A3956D46DE8}") = "Task4", "Task4", "{DDEB156A-6E89-4C91-9DE5-C6513AA757F4}"
EndProject
Project("{FAE04EC0-301F-11D3-BF4B-00C04F79EFBC}") = "Tyuiu.PomazDS.Sprint5.Task4.V22", "Tyuiu.PomazDS.Sprint5.Task4.V22\Tyuiu.PomazDS.Sprint5.Task4.V22.csproj", "{6FB49F3A-5BD5-4E38-9743-14CC3ED6D74E}"
EndProject
Project("{FAE04EC0-301F-11D3-BF4B-00C04F79EFBC}") = "Tyuiu.PomazDS.Sprint5.Task4.V22.Lib", "Tyuiu.PomazDS.Sprint5.Task4.V22.Lib\Tyuiu.PomazDS.Sprint5.Task4.V22.Lib.csproj", "{8CD04BC8-6A4A-4779-B01D-F085EEFDB31B}"
EndProject
Project("{FAE04EC0-301F-11D3-BF4B-00C04F79EFBC}") = "Tyuiu.PomazDS.Sprint5.Task4.V22.Test", "Tyuiu.PomazDS.Sprint5.Task4.V22.Test\Tyuiu.PomazDS.Sprint5.Task4.V22.Test.csproj", "{DCFD6ABE-ECE7-454E-92F6-3240D811EB34}"
EndProject
Project("{2150E333-8FDC-42A3-9474-1A3956D46DE8}") = "Task5", "Task5", "{9498F9D0-70F7-4EF2-989F-CDDD5A21AF38}"
EndProject
Project("{FAE04EC0-301F-11D3-BF4B-00C04F79EFBC}") = "Tyuiu.PomazDS.Sprint5.Task5.V3", "Tyuiu.PomazDS.Sprint5.Task5.V3\Tyuiu.PomazDS.Sprint5.Task5.V3.csproj", "{1F4D2A45-4075-4F19-AC30-1401BF5AE971}"
EndProject
Project("{FAE04EC0-301F-11D3-BF4B-00C04F79EFBC}") = "Tyuiu.PomazDS.Sprint5.Task5.V3.Lib", "Tyuiu.PomazDS.Sprint5.Task5.V3.Lib\Tyuiu.PomazDS.Sprint5.Task5.V3.Lib.csproj", "{219AA41D-AE89-4C0B-A35F-91CB30330586}"
EndProject
Project("{FAE04EC0-301F-11D3-BF4B-00C04F79EFBC}") = "Tyuiu.PomazDS.Sprint5.Task5.V3.Test", "Tyuiu.PomazDS.Sprint5.Task5.V3.Test\Tyuiu.PomazDS.Sprint5.Task5.V3.Test.csproj", "{53B8AE33-689A-47B5-AB97-D3FE4B8013E5}"
EndProject
Project("{2150E333-8FDC-42A3-9474-1A3956D46DE8}") = "Task6", "Task6", "{8C298B09-927E-4894-B78A-40970B2ACCAE}"
EndProject
Project("{FAE04EC0-301F-11D3-BF4B-00C04F79EFBC}") = "Tyuiu.PomazDS.Sprint5.Task6.V14", "Tyuiu.PomazDS.Sprint5.Task6.V14\Tyuiu.PomazDS.Sprint5.Task6.V14.csproj", "{67F33C27-8830-43B4-AC2B-BA394E9850ED}"
EndProject
Project("{FAE04EC0-301F-11D3-BF4B-00C04F79EFBC}") = "Tyuiu.PomazDS.Sprint5.Task6.V14.Lib", "Tyuiu.PomazDS.Sprint5.Task6.V14.Lib\Tyuiu.PomazDS.Sprint5.Task6.V14.Lib.csproj", "{2EADEED4-341E-486B-BA7E-98FBB9B9E980}"
EndProject
Project("{FAE04EC0-301F-11D3-BF4B-00C04F79EFBC}") = "Tyuiu.PomazDS.Sprint5.Task6.V14.Test", "Tyuiu.PomazDS.Sprint5.Task6.V14.Test\Tyuiu.PomazDS.Sprint5.Task6.V14.Test.csproj", "{95FB7807-A446-44F9-A73D-427944685041}"
EndProject
Project("{2150E333-8FDC-42A3-9474-1A3956D46DE8}") = "Task7", "Task7", "{E1E6B1AB-7C14-42AD-B934-3B41DF1997DB}"
EndProject
Project("{FAE04EC0-301F-11D3-BF4B-00C04F79EFBC}") = "Tyuiu.PomazDS.Sprint5.Task7.V24", "Tyuiu.PomazDS.Sprint5.Task7.V24\Tyuiu.PomazDS.Sprint5.Task7.V24.csproj", "{8F0C2D0D-4AA9-4CED-8F2B-ACABAC7A56D3}"
EndProject
Project("{FAE04EC0-301F-11D3-BF4B-00C04F79EFBC}") = "Tyuiu.PomazDS.Sprint5.Task7.V24.Lib", "Tyuiu.PomazDS.Sprint5.Task7.V24.Lib\Tyuiu.PomazDS.Sprint5.Task7.V24.Lib.csproj", "{B5E53FCA-9CD8-4305-B2F9-18AF74E71BFB}"
EndProject
Project("{FAE04EC0-301F-11D3-BF4B-00C04F79EFBC}") = "Tyuiu.PomazDS.Sprint5.Task7.V24.Test", "Tyuiu.PomazDS.Sprint5.Task7.V24.Test\Tyuiu.PomazDS.Sprint5.Task7.V24.Test.csproj", "{E227B37A-E3ED-4C9C-A526-B586AC75ED10}"
EndProject
Global
	GlobalSection(SolutionConfigurationPlatforms) = preSolution
		Debug|Any CPU = Debug|Any CPU
		Release|Any CPU = Release|Any CPU
	EndGlobalSection
	GlobalSection(ProjectConfigurationPlatforms) = postSolution
		{119E7290-4E9D-4165-94C7-BEDC5F5F5329}.Debug|Any CPU.ActiveCfg = Debug|Any CPU
		{119E7290-4E9D-4165-94C7-BEDC5F5F5329}.Debug|Any CPU.Build.0 = Debug|Any CPU
		{119E7290-4E9D-4165-94C7-BEDC5F5F5329}.Release|Any CPU.ActiveCfg = Release|Any CPU
		{119E7290-4E9D-4165-94C7-BEDC5F5F5329}.Release|Any CPU.Build.0 = Release|Any CPU
		{89C5D6BE-07A0-468B-990A-5DA47FF358EB}.Debug|Any CPU.ActiveCfg = Debug|Any CPU
		{89C5D6BE-07A0-468B-990A-5DA47FF358EB}.Debug|Any CPU.Build.0 = Debug|Any CPU
		{89C5D6BE-07A0-468B-990A-5DA47FF358EB}.Release|Any CPU.ActiveCfg = Release|Any CPU
		{89C5D6BE-07A0-468B-990A-5DA47FF358EB}.Release|Any CPU.Build.0 = Release|Any CPU
		{4E691D86-C6E5-476A-B986-C25B475CA216}.Debug|Any CPU.ActiveCfg = Debug|Any CPU
		{4E691D86-C6E5-476A-B986-C25B475CA216}.Debug|Any CPU.Build.0 = Debug|Any CPU
		{4E691D86-C6E5-476A-B986-C25B475CA216}.Release|Any CPU.ActiveCfg = Release|Any CPU
		{4E691D86-C6E5-476A-B986-C25B475CA216}.Release|Any CPU.Build.0 = Release|Any CPU
		{A1B76676-DA9C-4F47-B880-8425D86201ED}.Debug|Any CPU.ActiveCfg = Debug|Any CPU
		{A1B76676-DA9C-4F47-B880-8425D86201ED}.Debug|Any CPU.Build.0 = Debug|Any CPU
		{A1B76676-DA9C-4F47-B880-8425D86201ED}.Release|Any CPU.ActiveCfg = Release|Any CPU
		{A1B76676-DA9C-4F47-B880-8425D86201ED}.Release|Any CPU.Build.0 = Release|Any CPU
		{B4BF5A8C-855E-428A-BD00-9089BEC35543}.Debug|Any CPU.ActiveCfg = Debug|Any CPU
		{B4BF5A8C-855E-428A-BD00-9089BEC35543}.Debug|Any CPU.Build.0 = Debug|Any CPU
		{B4BF5A8C-855E-428A-BD00-9089BEC35543}.Release|Any CPU.ActiveCfg = Release|Any CPU
		{B4BF5A8C-855E-428A-BD00-9089BEC35543}.Release|Any CPU.Build.0 = Release|Any CPU
		{FF5BF8E3-BD62-493B-BF13-6112350D5917}.Debug|Any CPU.ActiveCfg = Debug|Any CPU
		{FF5BF8E3-BD62-493B-BF13-6112350D5917}.Debug|Any CPU.Build.0 = Debug|Any CPU
		{FF5BF8E3-BD62-493B-BF13-6112350D5917}.Release|Any CPU.ActiveCfg = Release|Any CPU
		{FF5BF8E3-BD62-493B-BF13-6112350D5917}.Release|Any CPU.Build.0 = Release|Any CPU
		{8DF84499-5DD8-4876-B22B-7129627D9078}.Debug|Any CPU.ActiveCfg = Debug|Any CPU
		{8DF84499-5DD8-4876-B22B-7129627D9078}.Debug|Any CPU.Build.0 = Debug|Any CPU
		{8DF84499-5DD8-4876-B22B-7129627D9078}.Release|Any CPU.ActiveCfg = Release|Any CPU
		{8DF84499-5DD8-4876-B22B-7129627D9078}.Release|Any CPU.Build.0 = Release|Any CPU
		{60883E66-730F-44CF-9A5F-C1D1B3E38E3B}.Debug|Any CPU.ActiveCfg = Debug|Any CPU
		{60883E66-730F-44CF-9A5F-C1D1B3E38E3B}.Debug|Any CPU.Build.0 = Debug|Any CPU
		{60883E66-730F-44CF-9A5F-C1D1B3E38E3B}.Release|Any CPU.ActiveCfg = Release|Any CPU
		{60883E66-730F-44CF-9A5F-C1D1B3E38E3B}.Release|Any CPU.Build.0 = Release|Any CPU
		{EC901580-4BA1-41BF-8EE1-2FF8374E0C6F}.Debug|Any CPU.ActiveCfg = Debug|Any CPU
		{EC901580-4BA1-41BF-8EE1-2FF8374E0C6F}.Debug|Any CPU.Build.0 = Debug|Any CPU
		{EC901580-4BA1-41BF-8EE1-2FF8374E0C6F}.Release|Any CPU.ActiveCfg = Release|Any CPU
		{EC901580-4BA1-41BF-8EE1-2FF8374E0C6F}.Release|Any CPU.Build.0 = Release|Any CPU
		{2B75A306-9C1B-4322-A96E-56D08EBEB4D1}.Debug|Any CPU.ActiveCfg = Debug|Any CPU
		{2B75A306-9C1B-4322-A96E-56D08EBEB4D1}.Debug|Any CPU.Build.0 = Debug|Any CPU
		{2B75A306-9C1B-4322-A96E-56D08EBEB4D1}.Release|Any CPU.ActiveCfg = Release|Any CPU
		{2B75A306-9C1B-4322-A96E-56D08EBEB4D1}.Release|Any CPU.Build.0 = Release|Any CPU
		{2AD59851-6748-4DCF-9415-C5E9F2A95121}.Debug|Any CPU.ActiveCfg = Debug|Any CPU
		{2AD59851-6748-4DCF-9415-C5E9F2A95121}.Debug|Any CPU.Build.0 = Debug|Any CPU
		{2AD59851-6748-4DCF-9415-C5E9F2A95121}.Release|Any CPU.ActiveCfg = Release|Any CPU
		{2AD59851-6748-4DCF-9415-C5E9F2A95121}.Release|Any CPU.Build.0 = Release|Any CPU
		{64F31DC3-DBE5-4910-BD3C-478C8EFC8470}.Debug|Any CPU.ActiveCfg = Debug|Any CPU
		{64F31DC3-DBE5-4910-BD3C-478C8EFC8470}.Debug|Any CPU.Build.0 = Debug|Any CPU
		{64F31DC3-DBE5-4910-BD3C-478C8EFC8470}.Release|Any CPU.ActiveCfg = Release|Any CPU
		{64F31DC3-DBE5-4910-BD3C-478C8EFC8470}.Release|Any CPU.Build.0 = Release|Any CPU
		{6FB49F3A-5BD5-4E38-9743-14CC3ED6D74E}.Debug|Any CPU.ActiveCfg = Debug|Any CPU
		{6FB49F3A-5BD5-4E38-9743-14CC3ED6D74E}.Debug|Any CPU.Build.0 = Debug|Any CPU
		{6FB49F3A-5BD5-4E38-9743-14CC3ED6D74E}.Release|Any CPU.ActiveCfg = Release|Any CPU
		{6FB49F3A-5BD5-4E38-9743-14CC3ED6D74E}.Release|Any CPU.Build.0 = Release|Any CPU
		{8CD04BC8-6A4A-4779-B01D-F085EEFDB31B}.Debug|Any CPU.ActiveCfg = Debug|Any CPU
		{8CD04BC8-6A4A-4779-B01D-F085EEFDB31B}.Debug|Any CPU.Build.0 = Debug|Any CPU
		{8CD04BC8-6A4A-4779-B01D-F085EEFDB31B}.Release|Any CPU.ActiveCfg = Release|Any CPU
		{8CD04BC8-6A4A-4779-B01D-F085EEFDB31B}.Release|Any CPU.Build.0 = Release|Any CPU
		{DCFD6ABE-ECE7-454E-92F6-3240D811EB34}.Debug|Any CPU.ActiveCfg = Debug|Any CPU
		{DCFD6ABE-ECE7-454E-92F6-3240D811EB34}.Debug|Any CPU.Build.0 = Debug|Any CPU
		{DCFD6ABE-ECE7-454E-92F6-3240D811EB34}.Release|Any CPU.ActiveCfg = Release|Any CPU
		{DCFD6ABE-ECE7-454E-92F6-3240D811EB34}.Release|Any CPU.Build.0 = Release|Any CPU
		{1F4D2A45-4075-4F19-AC30-1401BF5AE971}.Debug|Any CPU.ActiveCfg = Debug|Any CPU
		{1F4D2A45-4075-4F19-AC30-1401BF5AE971}.Debug|Any CPU.Build.0 = Debug|Any CPU
		{1F4D2A45-4075-4F19-AC30-1401BF5AE971}.Release|Any CPU.ActiveCfg = Release|Any CPU
		{1F4D2A45-4075-4F19-AC30-1401BF5AE971}.Release|Any CPU.Build.0 = Release|Any CPU
		{219AA41D-AE89-4C0B-A35F-91CB30330586}.Debug|Any CPU.ActiveCfg = Debug|Any CPU
		{219AA41D-AE89-4C0B-A35F-91CB30330586}.Debug|Any CPU.Build.0 = Debug|Any CPU
		{219AA41D-AE89-4C0B-A35F-91CB30330586}.Release|Any CPU.ActiveCfg = Release|Any CPU
		{219AA41D-AE89-4C0B-A35F-91CB30330586}.Release|Any CPU.Build.0 = Release|Any CPU
		{53B8AE33-689A-47B5-AB97-D3FE4B8013E5}.Debug|Any CPU.ActiveCfg = Debug|Any CPU
		{53B8AE33-689A-47B5-AB97-D3FE4B8013E5}.Debug|Any CPU.Build.0 = Debug|Any CPU
		{53B8AE33-689A-47B5-AB97-D3FE4B8013E5}.Release|Any CPU.ActiveCfg = Release|Any CPU
		{53B8AE33-689A-47B5-AB97-D3FE4B8013E5}.Release|Any CPU.Build.0 = Release|Any CPU
		{67F33C27-8830-43B4-AC2B-BA394E9850ED}.Debug|Any CPU.ActiveCfg = Debug|Any CPU
		{67F33C27-8830-43B4-AC2B-BA394E9850ED}.Debug|Any CPU.Build.0 = Debug|Any CPU
		{67F33C27-8830-43B4-AC2B-BA394E9850ED}.Release|Any CPU.ActiveCfg = Release|Any CPU
		{67F33C27-8830-43B4-AC2B-BA394E9850ED}.Release|Any CPU.Build.0 = Release|Any CPU
		{2EADEED4-341E-486B-BA7E-98FBB9B9E980}.Debug|Any CPU.ActiveCfg = Debug|Any CPU
		{2EADEED4-341E-486B-BA7E-98FBB9B9E980}.Debug|Any CPU.Build.0 = Debug|Any CPU
		{2EADEED4-341E-486B-BA7E-98FBB9B9E980}.Release|Any CPU.ActiveCfg = Release|Any CPU
		{2EADEED4-341E-486B-BA7E-98FBB9B9E980}.Release|Any CPU.Build.0 = Release|Any CPU
		{95FB7807-A446-44F9-A73D-427944685041}.Debug|Any CPU.ActiveCfg = Debug|Any CPU
		{95FB7807-A446-44F9-A73D-427944685041}.Debug|Any CPU.Build.0 = Debug|Any CPU
		{95FB7807-A446-44F9-A73D-427944685041}.Release|Any CPU.ActiveCfg = Release|Any CPU
		{95FB7807-A446-44F9-A73D-427944685041}.Release|Any CPU.Build.0 = Release|Any CPU
		{8F0C2D0D-4AA9-4CED-8F2B-ACABAC7A56D3}.Debug|Any CPU.ActiveCfg = Debug|Any CPU
		{8F0C2D0D-4AA9-4CED-8F2B-ACABAC7A56D3}.Debug|Any CPU.Build.0 = Debug|Any CPU
		{8F0C2D0D-4AA9-4CED-8F2B-ACABAC7A56D3}.Release|Any CPU.ActiveCfg = Release|Any CPU
		{8F0C2D0D-4AA9-4CED-8F2B-ACABAC7A56D3}.Release|Any CPU.Build.0 = Release|Any CPU
		{B5E53FCA-9CD8-4305-B2F9-18AF74E71BFB}.Debug|Any CPU.ActiveCfg = Debug|Any CPU
		{B5E53FCA-9CD8-4305-B2F9-18AF74E71BFB}.Debug|Any CPU.Build.0 = Debug|Any CPU
		{B5E53FCA-9CD8-4305-B2F9-18AF74E71BFB}.Release|Any CPU.ActiveCfg = Release|Any CPU
		{B5E53FCA-9CD8-4305-B2F9-18AF74E71BFB}.Release|Any CPU.Build.0 = Release|Any CPU
		{E227B37A-E3ED-4C9C-A526-B586AC75ED10}.Debug|Any CPU.ActiveCfg = Debug|Any CPU
		{E227B37A-E3ED-4C9C-A526-B586AC75ED10}.Debug|Any CPU.Build.0 = Debug|Any CPU
		{E227B37A-E3ED-4C9C-A526-B586AC75ED10}.Release|Any CPU.ActiveCfg = Release|Any CPU
		{E227B37A-E3ED-4C9C-A526-B586AC75ED10}.Release|Any CPU.Build.0 = Release|Any CPU
	EndGlobalSection
	GlobalSection(SolutionProperties) = preSolution
		HideSolutionNode = FALSE
	EndGlobalSection
	GlobalSection(NestedProjects) = preSolution
		{119E7290-4E9D-4165-94C7-BEDC5F5F5329} = {2AEF731B-5491-441F-8947-B207BCE5CFB5}
		{89C5D6BE-07A0-468B-990A-5DA47FF358EB} = {2AEF731B-5491-441F-8947-B207BCE5CFB5}
		{4E691D86-C6E5-476A-B986-C25B475CA216} = {2AEF731B-5491-441F-8947-B207BCE5CFB5}
		{A1B76676-DA9C-4F47-B880-8425D86201ED} = {14635779-07D5-40B3-89A1-30CC05BA8DFB}
		{B4BF5A8C-855E-428A-BD00-9089BEC35543} = {14635779-07D5-40B3-89A1-30CC05BA8DFB}
		{FF5BF8E3-BD62-493B-BF13-6112350D5917} = {14635779-07D5-40B3-89A1-30CC05BA8DFB}
		{8DF84499-5DD8-4876-B22B-7129627D9078} = {D339232A-90B8-4B20-892A-D96AD8BAECA2}
		{60883E66-730F-44CF-9A5F-C1D1B3E38E3B} = {D339232A-90B8-4B20-892A-D96AD8BAECA2}
		{EC901580-4BA1-41BF-8EE1-2FF8374E0C6F} = {D339232A-90B8-4B20-892A-D96AD8BAECA2}
		{2B75A306-9C1B-4322-A96E-56D08EBEB4D1} = {322EC58D-8CA9-4BDE-9112-485374D08E1D}
		{2AD59851-6748-4DCF-9415-C5E9F2A95121} = {322EC58D-8CA9-4BDE-9112-485374D08E1D}
		{64F31DC3-DBE5-4910-BD3C-478C8EFC8470} = {322EC58D-8CA9-4BDE-9112-485374D08E1D}
		{6FB49F3A-5BD5-4E38-9743-14CC3ED6D74E} = {DDEB156A-6E89-4C91-9DE5-C6513AA757F4}
		{8CD04BC8-6A4A-4779-B01D-F085EEFDB31B} = {DDEB156A-6E89-4C91-9DE5-C6513AA757F4}
		{DCFD6ABE-ECE7-454E-92F6-3240D811EB34} = {DDEB156A-6E89-4C91-9DE5-C6513AA757F4}
		{1F4D2A45-4075-4F19-AC30-1401BF5AE971} = {9498F9D0-70F7-4EF2-989F-CDDD5A21AF38}
		{219AA41D-AE89-4C0B-A35F-91CB30330586} = {9498F9D0-70F7-4EF2-989F-CDDD5A21AF38}
		{53B8AE33-689A-47B5-AB97-D3FE4B8013E5} = {9498F9D0-70F7-4EF2-989F-CDDD5A21AF38}
		{67F33C27-8830-43B4-AC2B-BA394E9850ED} = {8C298B09-927E-4894-B78A-40970B2ACCAE}
		{2EADEED4-341E-486B-BA7E-98FBB9B9E980} = {8C298B09-927E-4894-B78A-40970B2ACCAE}
		{95FB7807-A446-44F9-A73D-427944685041} = {8C298B09-927E-4894-B78A-40970B2ACCAE}
		{8F0C2D0D-4AA9-4CED-8F2B-ACABAC7A56D3} = {E1E6B1AB-7C14-42AD-B934-3B41DF1997DB}
		{B5E53FCA-9CD8-4305-B2F9-18AF74E71BFB} = {E1E6B1AB-7C14-42AD-B934-3B41DF1997DB}
		{E227B37A-E3ED-4C9C-A526-B586AC75ED10} = {E1E6B1AB-7C14-42AD-B934-3B41DF1997DB}
	EndGlobalSection
	GlobalSection(ExtensibilityGlobals) = postSolution
		SolutionGuid = {98BEE384-C434-4439-8BB9-6905BFE0B61E}
	EndGlobalSection
EndGlobal
