
Microsoft Visual Studio Solution File, Format Version 12.00
# Visual Studio Version 17
VisualStudioVersion = 17.7.34031.279
MinimumVisualStudioVersion = 10.0.40219.1
Project("{2150E333-8FDC-42A3-9474-1A3956D46DE8}") = "Task0", "Task0", "{2AEF731B-5491-441F-8947-B207BCE5CFB5}"
EndProject
Project("{FAE04EC0-301F-11D3-BF4B-00C04F79EFBC}") = "Tyuiu.PomazDS.Sprint5.Task0.V3", "Tyuiu.PomazDS.Sprint5.Task0.V3\Tyuiu.PomazDS.Sprint5.Task0.V3.csproj", "{119E7290-4E9D-4165-94C7-BEDC5F5F5329}"
EndProject
Project("{FAE04EC0-301F-11D3-BF4B-00C04F79EFBC}") = "Tyuiu.PomazDS.Sprint5.Task0.V3.Lib", "Tyuiu.PomazDS.Sprint5.Task0.V3.Lib\Tyuiu.PomazDS.Sprint5.Task0.V3.Lib.csproj", "{89C5D6BE-07A0-468B-990A-5DA47FF358EB}"
EndProject
Project("{FAE04EC0-301F-11D3-BF4B-00C04F79EFBC}") = "Tyuiu.PomazDS.Sprint5.Task0.V3.Test", "Tyuiu.PomazDS.Sprint5.Task0.V3.Test\Tyuiu.PomazDS.Sprint5.Task0.V3.Test.csproj", "{4E691D86-C6E5-476A-B986-C25B475CA216}"
EndProject
Project("{2150E333-8FDC-42A3-9474-1A3956D46DE8}") = "Task1", "Task1", "{14635779-07D5-40B3-89A1-30CC05BA8DFB}"
EndProject
Project("{FAE04EC0-301F-11D3-BF4B-00C04F79EFBC}") = "Tyuiu.PomazDS.Sprint5.Task1.V17", "Tyuiu.PomazDS.Sprint5.Task1.V17\Tyuiu.PomazDS.Sprint5.Task1.V17.csproj", "{A1B76676-DA9C-4F47-B880-8425D86201ED}"
EndProject
Project("{FAE04EC0-301F-11D3-BF4B-00C04F79EFBC}") = "Tyuiu.PomazDS.Sprint5.Task1.V17.Lib", "Tyuiu.PomazDS.Sprint5.Task1.V17.Lib\Tyuiu.PomazDS.Sprint5.Task1.V17.Lib.csproj", "{B4BF5A8C-855E-428A-BD00-9089BEC35543}"
EndProject
Project("{FAE04EC0-301F-11D3-BF4B-00C04F79EFBC}") = "Tyuiu.PomazDS.Sprint5.Task1.V17.Test", "Tyuiu.PomazDS.Sprint5.Task1.V17.Test\Tyuiu.PomazDS.Sprint5.Task1.V17.Test.csproj", "{FF5BF8E3-BD62-493B-BF13-6112350D5917}"
EndProject
Project("{2150E333-8FDC-42A3-9474-1A3956D46DE8}") = "Task2", "Task2", "{D339232A-90B8-4B20-892A-D96AD8BAECA2}"
EndProject
Project("{FAE04EC0-301F-11D3-BF4B-00C04F79EFBC}") = "Tyuiu.PomazDS.Sprint5.Task2.V18", "Tyuiu.PomazDS.Sprint5.Task2.V18\Tyuiu.PomazDS.Sprint5.Task2.V18.csproj", "{8DF84499-5DD8-4876-B22B-7129627D9078}"
EndProject
Project("{FAE04EC0-301F-11D3-BF4B-00C04F79EFBC}") = "Tyuiu.PomazDS.Sprint5.Task2.V18.Lib", "Tyuiu.PomazDS.Sprint5.Task2.V18.Lib\Tyuiu.PomazDS.Sprint5.Task2.V18.Lib.csproj", "{60883E66-730F-44CF-9A5F-C1D1B3E38E3B}"
EndProject
Project("{FAE04EC0-301F-11D3-BF4B-00C04F79EFBC}") = "Tyuiu.PomazDS.Sprint5.Task2.V18.Test", "Tyuiu.PomazDS.Sprint5.Task2.V18.Test\Tyuiu.PomazDS.Sprint5.Task2.V18.Test.csproj", "{EC901580-4BA1-41BF-8EE1-2FF8374E0C6F}"
EndProject
Project("{2150E333-8FDC-42A3-9474-1A3956D46DE8}") = "Task3", "Task3", "{322EC58D-8CA9-4BDE-9112-485374D08E1D}"
EndProject
Project("{FAE04EC0-301F-11D3-BF4B-00C04F79EFBC}") = "Tyuiu.PomazDS.Sprint5.Task3.V21", "Tyuiu.PomazDS.Sprint5.Task3.V21\Tyuiu.PomazDS.Sprint5.Task3.V21.csproj", "{2B75A306-9C1B-4322-A96E-56D08EBEB4D1}"
EndProject
Project("{FAE04EC0-301F-11D3-BF4B-00C04F79EFBC}") = "Tyuiu.PomazDS.Sprint5.Task3.V21.Lib", "Tyuiu.PomazDS.Sprint5.Task3.V21.Lib\Tyuiu.PomazDS.Sprint5.Task3.V21.Lib.csproj", "{2AD59851-6748-4DCF-9415-C5E9F2A95121}"
EndProject
Project("{FAE04EC0-301F-11D3-BF4B-00C04F79EFBC}") = "Tyuiu.PomazDS.Sprint5.Task3.V21.Test", "Tyuiu.PomazDS.Sprint5.Task3.V21.Test\Tyuiu.PomazDS.Sprint5.Task3.V21.Test.csproj", "{64F31DC3-DBE5-4910-BD3C-478C8EFC8470}"
EndProject
Global
	GlobalSection(SolutionConfigurationPlatforms) = preSolution
		Debug|Any CPU = Debug|Any CPU
		Release|Any CPU = Release|Any CPU
	EndGlobalSection
	GlobalSection(ProjectConfigurationPlatforms) = postSolution
		{119E7290-4E9D-4165-94C7-BEDC5F5F5329}.Debug|Any CPU.ActiveCfg = Debug|Any CPU
		{119E7290-4E9D-4165-94C7-BEDC5F5F5329}.Debug|Any CPU.Build.0 = Debug|Any CPU
		{119E7290-4E9D-4165-94C7-BEDC5F5F5329}.Release|Any CPU.ActiveCfg = Release|Any CPU
		{119E7290-4E9D-4165-94C7-BEDC5F5F5329}.Release|Any CPU.Build.0 = Release|Any CPU
		{89C5D6BE-07A0-468B-990A-5DA47FF358EB}.Debug|Any CPU.ActiveCfg = Debug|Any CPU
		{89C5D6BE-07A0-468B-990A-5DA47FF358EB}.Debug|Any CPU.Build.0 = Debug|Any CPU
		{89C5D6BE-07A0-468B-990A-5DA47FF358EB}.Release|Any CPU.ActiveCfg = Release|Any CPU
		{89C5D6BE-07A0-468B-990A-5DA47FF358EB}.Release|Any CPU.Build.0 = Release|Any CPU
		{4E691D86-C6E5-476A-B986-C25B475CA216}.Debug|Any CPU.ActiveCfg = Debug|Any CPU
		{4E691D86-C6E5-476A-B986-C25B475CA216}.Debug|Any CPU.Build.0 = Debug|Any CPU
		{4E691D86-C6E5-476A-B986-C25B475CA216}.Release|Any CPU.ActiveCfg = Release|Any CPU
		{4E691D86-C6E5-476A-B986-C25B475CA216}.Release|Any CPU.Build.0 = Release|Any CPU
		{A1B76676-DA9C-4F47-B880-8425D86201ED}.Debug|Any CPU.ActiveCfg = Debug|Any CPU
		{A1B76676-DA9C-4F47-B880-8425D86201ED}.Debug|Any CPU.Build.0 = Debug|Any CPU
		{A1B76676-DA9C-4F47-B880-8425D86201ED}.Release|Any CPU.ActiveCfg = Release|Any CPU
		{A1B76676-DA9C-4F47-B880-8425D86201ED}.Release|Any CPU.Build.0 = Release|Any CPU
		{B4BF5A8C-855E-428A-BD00-9089BEC35543}.Debug|Any CPU.ActiveCfg = Debug|Any CPU
		{B4BF5A8C-855E-428A-BD00-9089BEC35543}.Debug|Any CPU.Build.0 = Debug|Any CPU
		{B4BF5A8C-855E-428A-BD00-9089BEC35543}.Release|Any CPU.ActiveCfg = Release|Any CPU
		{B4BF5A8C-855E-428A-BD00-9089BEC35543}.Release|Any CPU.Build.0 = Release|Any CPU
		{FF5BF8E3-BD62-493B-BF13-6112350D5917}.Debug|Any CPU.ActiveCfg = Debug|Any CPU
		{FF5BF8E3-BD62-493B-BF13-6112350D5917}.Debug|Any CPU.Build.0 = Debug|Any CPU
		{FF5BF8E3-BD62-493B-BF13-6112350D5917}.Release|Any CPU.ActiveCfg = Release|Any CPU
		{FF5BF8E3-BD62-493B-BF13-6112350D5917}.Release|Any CPU.Build.0 = Release|Any CPU
		{8DF84499-5DD8-4876-B22B-7129627D9078}.Debug|Any CPU.ActiveCfg = Debug|Any CPU
		{8DF84499-5DD8-4876-B22B-7129627D9078}.Debug|Any CPU.Build.0 = Debug|Any CPU
		{8DF84499-5DD8-4876-B22B-7129627D9078}.Release|Any CPU.ActiveCfg = Release|Any CPU
		{8DF84499-5DD8-4876-B22B-7129627D9078}.Release|Any CPU.Build.0 = Release|Any CPU
		{60883E66-730F-44CF-9A5F-C1D1B3E38E3B}.Debug|Any CPU.ActiveCfg = Debug|Any CPU
		{60883E66-730F-44CF-9A5F-C1D1B3E38E3B}.Debug|Any CPU.Build.0 = Debug|Any CPU
		{60883E66-730F-44CF-9A5F-C1D1B3E38E3B}.Release|Any CPU.ActiveCfg = Release|Any CPU
		{60883E66-730F-44CF-9A5F-C1D1B3E38E3B}.Release|Any CPU.Build.0 = Release|Any CPU
		{EC901580-4BA1-41BF-8EE1-2FF8374E0C6F}.Debug|Any CPU.ActiveCfg = Debug|Any CPU
		{EC901580-4BA1-41BF-8EE1-2FF8374E0C6F}.Debug|Any CPU.Build.0 = Debug|Any CPU
		{EC901580-4BA1-41BF-8EE1-2FF8374E0C6F}.Release|Any CPU.ActiveCfg = Release|Any CPU
		{EC901580-4BA1-41BF-8EE1-2FF8374E0C6F}.Release|Any CPU.Build.0 = Release|Any CPU
		{2B75A306-9C1B-4322-A96E-56D08EBEB4D1}.Debug|Any CPU.ActiveCfg = Debug|Any CPU
		{2B75A306-9C1B-4322-A96E-56D08EBEB4D1}.Debug|Any CPU.Build.0 = Debug|Any CPU
		{2B75A306-9C1B-4322-A96E-56D08EBEB4D1}.Release|Any CPU.ActiveCfg = Release|Any CPU
		{2B75A306-9C1B-4322-A96E-56D08EBEB4D1}.Release|Any CPU.Build.0 = Release|Any CPU
		{2AD59851-6748-4DCF-9415-C5E9F2A95121}.Debug|Any CPU.ActiveCfg = Debug|Any CPU
		{2AD59851-6748-4DCF-9415-C5E9F2A95121}.Debug|Any CPU.Build.0 = Debug|Any CPU
		{2AD59851-6748-4DCF-9415-C5E9F2A95121}.Release|Any CPU.ActiveCfg = Release|Any CPU
		{2AD59851-6748-4DCF-9415-C5E9F2A95121}.Release|Any CPU.Build.0 = Release|Any CPU
		{64F31DC3-DBE5-4910-BD3C-478C8EFC8470}.Debug|Any CPU.ActiveCfg = Debug|Any CPU
		{64F31DC3-DBE5-4910-BD3C-478C8EFC8470}.Debug|Any CPU.Build.0 = Debug|Any CPU
		{64F31DC3-DBE5-4910-BD3C-478C8EFC8470}.Release|Any CPU.ActiveCfg = Release|Any CPU
		{64F31DC3-DBE5-4910-BD3C-478C8EFC8470}.Release|Any CPU.Build.0 = Release|Any CPU
	EndGlobalSection
	GlobalSection(SolutionProperties) = preSolution
		HideSolutionNode = FALSE
	EndGlobalSection
	GlobalSection(NestedProjects) = preSolution
		{119E7290-4E9D-4165-94C7-BEDC5F5F5329} = {2AEF731B-5491-441F-8947-B207BCE5CFB5}
		{89C5D6BE-07A0-468B-990A-5DA47FF358EB} = {2AEF731B-5491-441F-8947-B207BCE5CFB5}
		{4E691D86-C6E5-476A-B986-C25B475CA216} = {2AEF731B-5491-441F-8947-B207BCE5CFB5}
		{A1B76676-DA9C-4F47-B880-8425D86201ED} = {14635779-07D5-40B3-89A1-30CC05BA8DFB}
		{B4BF5A8C-855E-428A-BD00-9089BEC35543} = {14635779-07D5-40B3-89A1-30CC05BA8DFB}
		{FF5BF8E3-BD62-493B-BF13-6112350D5917} = {14635779-07D5-40B3-89A1-30CC05BA8DFB}
		{8DF84499-5DD8-4876-B22B-7129627D9078} = {D339232A-90B8-4B20-892A-D96AD8BAECA2}
		{60883E66-730F-44CF-9A5F-C1D1B3E38E3B} = {D339232A-90B8-4B20-892A-D96AD8BAECA2}
		{EC901580-4BA1-41BF-8EE1-2FF8374E0C6F} = {D339232A-90B8-4B20-892A-D96AD8BAECA2}
		{2B75A306-9C1B-4322-A96E-56D08EBEB4D1} = {322EC58D-8CA9-4BDE-9112-485374D08E1D}
		{2AD59851-6748-4DCF-9415-C5E9F2A95121} = {322EC58D-8CA9-4BDE-9112-485374D08E1D}
		{64F31DC3-DBE5-4910-BD3C-478C8EFC8470} = {322EC58D-8CA9-4BDE-9112-485374D08E1D}
	EndGlobalSection
	GlobalSection(ExtensibilityGlobals) = postSolution
		SolutionGuid = {98BEE384-C434-4439-8BB9-6905BFE0B61E}
	EndGlobalSection
EndGlobal
